
Microsoft Visual Studio Solution File, Format Version 12.00
# Visual Studio Version 17
VisualStudioVersion = 17.4.33403.182
MinimumVisualStudioVersion = 10.0.40219.1
Project("{9A19103F-16F7-4668-BE54-9A1E7A4F7556}") = "ICSProject.DAL", "ICSProject.DAL\ICSProject.DAL.csproj", "{1B1B4D21-23C2-4A20-BEB5-217A89DABFFE}"
EndProject
Project("{9A19103F-16F7-4668-BE54-9A1E7A4F7556}") = "ICSProject.DAL.Tests", "ICSProject.DAL.Tests\ICSProject.DAL.Tests.csproj", "{DB4397EC-3B02-4649-816A-491924C29839}"
EndProject
Project("{2150E333-8FDC-42A3-9474-1A3956D46DE8}") = "App", "App", "{8854F5AA-4D96-4EBF-98DC-F19AFAFD5C36}"
EndProject
Project("{2150E333-8FDC-42A3-9474-1A3956D46DE8}") = "Tests", "Tests", "{7AA1CD8E-3D87-4636-A975-821CB1FD080C}"
EndProject
Project("{9A19103F-16F7-4668-BE54-9A1E7A4F7556}") = "ICSProject.BL", "ICSProject.BL\ICSProject.BL.csproj", "{5F6C4ACD-0ED3-4F01-9271-CC56D1D6E804}"
EndProject
Project("{9A19103F-16F7-4668-BE54-9A1E7A4F7556}") = "ICSProject.App", "ICSProject.App\ICSProject.App.csproj", "{7A498D19-B32B-4D81-9821-0F8C808931BF}"
EndProject
Project("{FAE04EC0-301F-11D3-BF4B-00C04F79EFBC}") = "ICSProject.BL.Tests", "ICSProject.BL.Tests\ICSProject.BL.Tests.csproj", "{7A266871-37E2-408E-BFA5-CA3BF22531E9}"
EndProject
Project("{FAE04EC0-301F-11D3-BF4B-00C04F79EFBC}") = "ICSProject.Common.Tests", "ICSProject.Common.Tests\ICSProject.Common.Tests.csproj", "{E10277A0-B980-49A8-B4DA-A7DD6FF2CECF}"
EndProject
Global
	GlobalSection(SolutionConfigurationPlatforms) = preSolution
		Debug|Any CPU = Debug|Any CPU
		Release|Any CPU = Release|Any CPU
	EndGlobalSection
	GlobalSection(ProjectConfigurationPlatforms) = postSolution
		{1B1B4D21-23C2-4A20-BEB5-217A89DABFFE}.Debug|Any CPU.ActiveCfg = Debug|Any CPU
		{1B1B4D21-23C2-4A20-BEB5-217A89DABFFE}.Debug|Any CPU.Build.0 = Debug|Any CPU
		{1B1B4D21-23C2-4A20-BEB5-217A89DABFFE}.Release|Any CPU.ActiveCfg = Release|Any CPU
		{1B1B4D21-23C2-4A20-BEB5-217A89DABFFE}.Release|Any CPU.Build.0 = Release|Any CPU
		{DB4397EC-3B02-4649-816A-491924C29839}.Debug|Any CPU.ActiveCfg = Debug|Any CPU
		{DB4397EC-3B02-4649-816A-491924C29839}.Debug|Any CPU.Build.0 = Debug|Any CPU
		{DB4397EC-3B02-4649-816A-491924C29839}.Release|Any CPU.ActiveCfg = Release|Any CPU
		{DB4397EC-3B02-4649-816A-491924C29839}.Release|Any CPU.Build.0 = Release|Any CPU
		{5F6C4ACD-0ED3-4F01-9271-CC56D1D6E804}.Debug|Any CPU.ActiveCfg = Debug|Any CPU
		{5F6C4ACD-0ED3-4F01-9271-CC56D1D6E804}.Debug|Any CPU.Build.0 = Debug|Any CPU
		{5F6C4ACD-0ED3-4F01-9271-CC56D1D6E804}.Release|Any CPU.ActiveCfg = Release|Any CPU
		{5F6C4ACD-0ED3-4F01-9271-CC56D1D6E804}.Release|Any CPU.Build.0 = Release|Any CPU
		{7A498D19-B32B-4D81-9821-0F8C808931BF}.Debug|Any CPU.ActiveCfg = Debug|Any CPU
		{7A498D19-B32B-4D81-9821-0F8C808931BF}.Debug|Any CPU.Build.0 = Debug|Any CPU
		{7A498D19-B32B-4D81-9821-0F8C808931BF}.Debug|Any CPU.Deploy.0 = Debug|Any CPU
		{7A498D19-B32B-4D81-9821-0F8C808931BF}.Release|Any CPU.ActiveCfg = Release|Any CPU
		{7A498D19-B32B-4D81-9821-0F8C808931BF}.Release|Any CPU.Build.0 = Release|Any CPU
		{7A498D19-B32B-4D81-9821-0F8C808931BF}.Release|Any CPU.Deploy.0 = Release|Any CPU
		{7A266871-37E2-408E-BFA5-CA3BF22531E9}.Debug|Any CPU.ActiveCfg = Debug|Any CPU
		{7A266871-37E2-408E-BFA5-CA3BF22531E9}.Debug|Any CPU.Build.0 = Debug|Any CPU
		{7A266871-37E2-408E-BFA5-CA3BF22531E9}.Release|Any CPU.ActiveCfg = Release|Any CPU
		{7A266871-37E2-408E-BFA5-CA3BF22531E9}.Release|Any CPU.Build.0 = Release|Any CPU
		{E10277A0-B980-49A8-B4DA-A7DD6FF2CECF}.Debug|Any CPU.ActiveCfg = Debug|Any CPU
		{E10277A0-B980-49A8-B4DA-A7DD6FF2CECF}.Debug|Any CPU.Build.0 = Debug|Any CPU
		{E10277A0-B980-49A8-B4DA-A7DD6FF2CECF}.Release|Any CPU.ActiveCfg = Release|Any CPU
		{E10277A0-B980-49A8-B4DA-A7DD6FF2CECF}.Release|Any CPU.Build.0 = Release|Any CPU
	EndGlobalSection
	GlobalSection(SolutionProperties) = preSolution
		HideSolutionNode = FALSE
	EndGlobalSection
	GlobalSection(NestedProjects) = preSolution
		{1B1B4D21-23C2-4A20-BEB5-217A89DABFFE} = {8854F5AA-4D96-4EBF-98DC-F19AFAFD5C36}
		{DB4397EC-3B02-4649-816A-491924C29839} = {7AA1CD8E-3D87-4636-A975-821CB1FD080C}
		{5F6C4ACD-0ED3-4F01-9271-CC56D1D6E804} = {8854F5AA-4D96-4EBF-98DC-F19AFAFD5C36}
		{7A498D19-B32B-4D81-9821-0F8C808931BF} = {8854F5AA-4D96-4EBF-98DC-F19AFAFD5C36}
		{7A266871-37E2-408E-BFA5-CA3BF22531E9} = {7AA1CD8E-3D87-4636-A975-821CB1FD080C}
		{E10277A0-B980-49A8-B4DA-A7DD6FF2CECF} = {7AA1CD8E-3D87-4636-A975-821CB1FD080C}
	EndGlobalSection
	GlobalSection(ExtensibilityGlobals) = postSolution
		SolutionGuid = {42292EFF-8BA4-4403-AC41-DD13D3095784}
	EndGlobalSection
EndGlobal
